// !$*UTF8*$!
{
	archiveVersion = 1;
	classes = {
	};
	objectVersion = 46;
	objects = {

/* Begin PBXBuildFile section */
		74B19C7B1DF6A5B100F1E591 /* AppDelegate.swift in Sources */ = {isa = PBXBuildFile; fileRef = 74B19C7A1DF6A5B100F1E591 /* AppDelegate.swift */; };
		74B19C7D1DF6A5B100F1E591 /* ViewController.swift in Sources */ = {isa = PBXBuildFile; fileRef = 74B19C7C1DF6A5B100F1E591 /* ViewController.swift */; };
		74B19C801DF6A5B100F1E591 /* Main.storyboard in Resources */ = {isa = PBXBuildFile; fileRef = 74B19C7E1DF6A5B100F1E591 /* Main.storyboard */; };
		74B19C821DF6A5B100F1E591 /* Assets.xcassets in Resources */ = {isa = PBXBuildFile; fileRef = 74B19C811DF6A5B100F1E591 /* Assets.xcassets */; };
		74B19C851DF6A5B100F1E591 /* LaunchScreen.storyboard in Resources */ = {isa = PBXBuildFile; fileRef = 74B19C831DF6A5B100F1E591 /* LaunchScreen.storyboard */; };
		74B19C901DF6A5B200F1E591 /* example_UIStackViewTests.swift in Sources */ = {isa = PBXBuildFile; fileRef = 74B19C8F1DF6A5B200F1E591 /* example_UIStackViewTests.swift */; };
		74B19C9B1DF6A5B200F1E591 /* example_UIStackViewUITests.swift in Sources */ = {isa = PBXBuildFile; fileRef = 74B19C9A1DF6A5B200F1E591 /* example_UIStackViewUITests.swift */; };
/* End PBXBuildFile section */

/* Begin PBXContainerItemProxy section */
		74B19C8C1DF6A5B200F1E591 /* PBXContainerItemProxy */ = {
			isa = PBXContainerItemProxy;
			containerPortal = 74B19C6F1DF6A5B100F1E591 /* Project object */;
			proxyType = 1;
			remoteGlobalIDString = 74B19C761DF6A5B100F1E591;
			remoteInfo = example_UIStackView;
		};
		74B19C971DF6A5B200F1E591 /* PBXContainerItemProxy */ = {
			isa = PBXContainerItemProxy;
			containerPortal = 74B19C6F1DF6A5B100F1E591 /* Project object */;
			proxyType = 1;
			remoteGlobalIDString = 74B19C761DF6A5B100F1E591;
			remoteInfo = example_UIStackView;
		};
/* End PBXContainerItemProxy section */

/* Begin PBXFileReference section */
		74B19C771DF6A5B100F1E591 /* example_UIStackView.app */ = {isa = PBXFileReference; explicitFileType = wrapper.application; includeInIndex = 0; path = example_UIStackView.app; sourceTree = BUILT_PRODUCTS_DIR; };
		74B19C7A1DF6A5B100F1E591 /* AppDelegate.swift */ = {isa = PBXFileReference; lastKnownFileType = sourcecode.swift; path = AppDelegate.swift; sourceTree = "<group>"; };
		74B19C7C1DF6A5B100F1E591 /* ViewController.swift */ = {isa = PBXFileReference; lastKnownFileType = sourcecode.swift; path = ViewController.swift; sourceTree = "<group>"; };
		74B19C7F1DF6A5B100F1E591 /* Base */ = {isa = PBXFileReference; lastKnownFileType = file.storyboard; name = Base; path = Base.lproj/Main.storyboard; sourceTree = "<group>"; };
		74B19C811DF6A5B100F1E591 /* Assets.xcassets */ = {isa = PBXFileReference; lastKnownFileType = folder.assetcatalog; path = Assets.xcassets; sourceTree = "<group>"; };
		74B19C841DF6A5B100F1E591 /* Base */ = {isa = PBXFileReference; lastKnownFileType = file.storyboard; name = Base; path = Base.lproj/LaunchScreen.storyboard; sourceTree = "<group>"; };
		74B19C861DF6A5B100F1E591 /* Info.plist */ = {isa = PBXFileReference; lastKnownFileType = text.plist.xml; path = Info.plist; sourceTree = "<group>"; };
		74B19C8B1DF6A5B200F1E591 /* example_UIStackViewTests.xctest */ = {isa = PBXFileReference; explicitFileType = wrapper.cfbundle; includeInIndex = 0; path = example_UIStackViewTests.xctest; sourceTree = BUILT_PRODUCTS_DIR; };
		74B19C8F1DF6A5B200F1E591 /* example_UIStackViewTests.swift */ = {isa = PBXFileReference; lastKnownFileType = sourcecode.swift; path = example_UIStackViewTests.swift; sourceTree = "<group>"; };
		74B19C911DF6A5B200F1E591 /* Info.plist */ = {isa = PBXFileReference; lastKnownFileType = text.plist.xml; path = Info.plist; sourceTree = "<group>"; };
		74B19C961DF6A5B200F1E591 /* example_UIStackViewUITests.xctest */ = {isa = PBXFileReference; explicitFileType = wrapper.cfbundle; includeInIndex = 0; path = example_UIStackViewUITests.xctest; sourceTree = BUILT_PRODUCTS_DIR; };
		74B19C9A1DF6A5B200F1E591 /* example_UIStackViewUITests.swift */ = {isa = PBXFileReference; lastKnownFileType = sourcecode.swift; path = example_UIStackViewUITests.swift; sourceTree = "<group>"; };
		74B19C9C1DF6A5B200F1E591 /* Info.plist */ = {isa = PBXFileReference; lastKnownFileType = text.plist.xml; path = Info.plist; sourceTree = "<group>"; };
/* End PBXFileReference section */

/* Begin PBXFrameworksBuildPhase section */
		74B19C741DF6A5B100F1E591 /* Frameworks */ = {
			isa = PBXFrameworksBuildPhase;
			buildActionMask = 2147483647;
			files = (
			);
			runOnlyForDeploymentPostprocessing = 0;
		};
		74B19C881DF6A5B200F1E591 /* Frameworks */ = {
			isa = PBXFrameworksBuildPhase;
			buildActionMask = 2147483647;
			files = (
			);
			runOnlyForDeploymentPostprocessing = 0;
		};
		74B19C931DF6A5B200F1E591 /* Frameworks */ = {
			isa = PBXFrameworksBuildPhase;
			buildActionMask = 2147483647;
			files = (
			);
			runOnlyForDeploymentPostprocessing = 0;
		};
/* End PBXFrameworksBuildPhase section */

/* Begin PBXGroup section */
		74B19C6E1DF6A5B100F1E591 = {
			isa = PBXGroup;
			children = (
				74B19C791DF6A5B100F1E591 /* example_UIStackView */,
				74B19C8E1DF6A5B200F1E591 /* example_UIStackViewTests */,
				74B19C991DF6A5B200F1E591 /* example_UIStackViewUITests */,
				74B19C781DF6A5B100F1E591 /* Products */,
			);
			sourceTree = "<group>";
		};
		74B19C781DF6A5B100F1E591 /* Products */ = {
			isa = PBXGroup;
			children = (
				74B19C771DF6A5B100F1E591 /* example_UIStackView.app */,
				74B19C8B1DF6A5B200F1E591 /* example_UIStackViewTests.xctest */,
				74B19C961DF6A5B200F1E591 /* example_UIStackViewUITests.xctest */,
			);
			name = Products;
			sourceTree = "<group>";
		};
		74B19C791DF6A5B100F1E591 /* example_UIStackView */ = {
			isa = PBXGroup;
			children = (
				74B19C7A1DF6A5B100F1E591 /* AppDelegate.swift */,
				74B19C7C1DF6A5B100F1E591 /* ViewController.swift */,
				74B19C7E1DF6A5B100F1E591 /* Main.storyboard */,
				74B19C811DF6A5B100F1E591 /* Assets.xcassets */,
				74B19C831DF6A5B100F1E591 /* LaunchScreen.storyboard */,
				74B19C861DF6A5B100F1E591 /* Info.plist */,
			);
			path = example_UIStackView;
			sourceTree = "<group>";
		};
		74B19C8E1DF6A5B200F1E591 /* example_UIStackViewTests */ = {
			isa = PBXGroup;
			children = (
				74B19C8F1DF6A5B200F1E591 /* example_UIStackViewTests.swift */,
				74B19C911DF6A5B200F1E591 /* Info.plist */,
			);
			path = example_UIStackViewTests;
			sourceTree = "<group>";
		};
		74B19C991DF6A5B200F1E591 /* example_UIStackViewUITests */ = {
			isa = PBXGroup;
			children = (
				74B19C9A1DF6A5B200F1E591 /* example_UIStackViewUITests.swift */,
				74B19C9C1DF6A5B200F1E591 /* Info.plist */,
			);
			path = example_UIStackViewUITests;
			sourceTree = "<group>";
		};
/* End PBXGroup section */

/* Begin PBXNativeTarget section */
		74B19C761DF6A5B100F1E591 /* example_UIStackView */ = {
			isa = PBXNativeTarget;
			buildConfigurationList = 74B19C9F1DF6A5B200F1E591 /* Build configuration list for PBXNativeTarget "example_UIStackView" */;
			buildPhases = (
				74B19C731DF6A5B100F1E591 /* Sources */,
				74B19C741DF6A5B100F1E591 /* Frameworks */,
				74B19C751DF6A5B100F1E591 /* Resources */,
			);
			buildRules = (
			);
			dependencies = (
			);
			name = example_UIStackView;
			productName = example_UIStackView;
			productReference = 74B19C771DF6A5B100F1E591 /* example_UIStackView.app */;
			productType = "com.apple.product-type.application";
		};
		74B19C8A1DF6A5B200F1E591 /* example_UIStackViewTests */ = {
			isa = PBXNativeTarget;
			buildConfigurationList = 74B19CA21DF6A5B200F1E591 /* Build configuration list for PBXNativeTarget "example_UIStackViewTests" */;
			buildPhases = (
				74B19C871DF6A5B200F1E591 /* Sources */,
				74B19C881DF6A5B200F1E591 /* Frameworks */,
				74B19C891DF6A5B200F1E591 /* Resources */,
			);
			buildRules = (
			);
			dependencies = (
				74B19C8D1DF6A5B200F1E591 /* PBXTargetDependency */,
			);
			name = example_UIStackViewTests;
			productName = example_UIStackViewTests;
			productReference = 74B19C8B1DF6A5B200F1E591 /* example_UIStackViewTests.xctest */;
			productType = "com.apple.product-type.bundle.unit-test";
		};
		74B19C951DF6A5B200F1E591 /* example_UIStackViewUITests */ = {
			isa = PBXNativeTarget;
			buildConfigurationList = 74B19CA51DF6A5B200F1E591 /* Build configuration list for PBXNativeTarget "example_UIStackViewUITests" */;
			buildPhases = (
				74B19C921DF6A5B200F1E591 /* Sources */,
				74B19C931DF6A5B200F1E591 /* Frameworks */,
				74B19C941DF6A5B200F1E591 /* Resources */,
			);
			buildRules = (
			);
			dependencies = (
				74B19C981DF6A5B200F1E591 /* PBXTargetDependency */,
			);
			name = example_UIStackViewUITests;
			productName = example_UIStackViewUITests;
			productReference = 74B19C961DF6A5B200F1E591 /* example_UIStackViewUITests.xctest */;
			productType = "com.apple.product-type.bundle.ui-testing";
		};
/* End PBXNativeTarget section */

/* Begin PBXProject section */
		74B19C6F1DF6A5B100F1E591 /* Project object */ = {
			isa = PBXProject;
			attributes = {
				LastSwiftUpdateCheck = 0800;
				LastUpgradeCheck = 0800;
				ORGANIZATIONNAME = "quang nguyen";
				TargetAttributes = {
					74B19C761DF6A5B100F1E591 = {
						CreatedOnToolsVersion = 8.0;
						ProvisioningStyle = Automatic;
					};
					74B19C8A1DF6A5B200F1E591 = {
						CreatedOnToolsVersion = 8.0;
						ProvisioningStyle = Automatic;
						TestTargetID = 74B19C761DF6A5B100F1E591;
					};
					74B19C951DF6A5B200F1E591 = {
						CreatedOnToolsVersion = 8.0;
						ProvisioningStyle = Automatic;
						TestTargetID = 74B19C761DF6A5B100F1E591;
					};
				};
			};
			buildConfigurationList = 74B19C721DF6A5B100F1E591 /* Build configuration list for PBXProject "example_UIStackView" */;
			compatibilityVersion = "Xcode 3.2";
			developmentRegion = English;
			hasScannedForEncodings = 0;
			knownRegions = (
				en,
				Base,
			);
			mainGroup = 74B19C6E1DF6A5B100F1E591;
			productRefGroup = 74B19C781DF6A5B100F1E591 /* Products */;
			projectDirPath = "";
			projectRoot = "";
			targets = (
				74B19C761DF6A5B100F1E591 /* example_UIStackView */,
				74B19C8A1DF6A5B200F1E591 /* example_UIStackViewTests */,
				74B19C951DF6A5B200F1E591 /* example_UIStackViewUITests */,
			);
		};
/* End PBXProject section */

/* Begin PBXResourcesBuildPhase section */
		74B19C751DF6A5B100F1E591 /* Resources */ = {
			isa = PBXResourcesBuildPhase;
			buildActionMask = 2147483647;
			files = (
				74B19C851DF6A5B100F1E591 /* LaunchScreen.storyboard in Resources */,
				74B19C821DF6A5B100F1E591 /* Assets.xcassets in Resources */,
				74B19C801DF6A5B100F1E591 /* Main.storyboard in Resources */,
			);
			runOnlyForDeploymentPostprocessing = 0;
		};
		74B19C891DF6A5B200F1E591 /* Resources */ = {
			isa = PBXResourcesBuildPhase;
			buildActionMask = 2147483647;
			files = (
			);
			runOnlyForDeploymentPostprocessing = 0;
		};
		74B19C941DF6A5B200F1E591 /* Resources */ = {
			isa = PBXResourcesBuildPhase;
			buildActionMask = 2147483647;
			files = (
			);
			runOnlyForDeploymentPostprocessing = 0;
		};
/* End PBXResourcesBuildPhase section */

/* Begin PBXSourcesBuildPhase section */
		74B19C731DF6A5B100F1E591 /* Sources */ = {
			isa = PBXSourcesBuildPhase;
			buildActionMask = 2147483647;
			files = (
				74B19C7D1DF6A5B100F1E591 /* ViewController.swift in Sources */,
				74B19C7B1DF6A5B100F1E591 /* AppDelegate.swift in Sources */,
			);
			runOnlyForDeploymentPostprocessing = 0;
		};
		74B19C871DF6A5B200F1E591 /* Sources */ = {
			isa = PBXSourcesBuildPhase;
			buildActionMask = 2147483647;
			files = (
				74B19C901DF6A5B200F1E591 /* example_UIStackViewTests.swift in Sources */,
			);
			runOnlyForDeploymentPostprocessing = 0;
		};
		74B19C921DF6A5B200F1E591 /* Sources */ = {
			isa = PBXSourcesBuildPhase;
			buildActionMask = 2147483647;
			files = (
				74B19C9B1DF6A5B200F1E591 /* example_UIStackViewUITests.swift in Sources */,
			);
			runOnlyForDeploymentPostprocessing = 0;
		};
/* End PBXSourcesBuildPhase section */

/* Begin PBXTargetDependency section */
		74B19C8D1DF6A5B200F1E591 /* PBXTargetDependency */ = {
			isa = PBXTargetDependency;
			target = 74B19C761DF6A5B100F1E591 /* example_UIStackView */;
			targetProxy = 74B19C8C1DF6A5B200F1E591 /* PBXContainerItemProxy */;
		};
		74B19C981DF6A5B200F1E591 /* PBXTargetDependency */ = {
			isa = PBXTargetDependency;
			target = 74B19C761DF6A5B100F1E591 /* example_UIStackView */;
			targetProxy = 74B19C971DF6A5B200F1E591 /* PBXContainerItemProxy */;
		};
/* End PBXTargetDependency section */

/* Begin PBXVariantGroup section */
		74B19C7E1DF6A5B100F1E591 /* Main.storyboard */ = {
			isa = PBXVariantGroup;
			children = (
				74B19C7F1DF6A5B100F1E591 /* Base */,
			);
			name = Main.storyboard;
			sourceTree = "<group>";
		};
		74B19C831DF6A5B100F1E591 /* LaunchScreen.storyboard */ = {
			isa = PBXVariantGroup;
			children = (
				74B19C841DF6A5B100F1E591 /* Base */,
			);
			name = LaunchScreen.storyboard;
			sourceTree = "<group>";
		};
/* End PBXVariantGroup section */

/* Begin XCBuildConfiguration section */
		74B19C9D1DF6A5B200F1E591 /* Debug */ = {
			isa = XCBuildConfiguration;
			buildSettings = {
				ALWAYS_SEARCH_USER_PATHS = NO;
				CLANG_ANALYZER_NONNULL = YES;
				CLANG_CXX_LANGUAGE_STANDARD = "gnu++0x";
				CLANG_CXX_LIBRARY = "libc++";
				CLANG_ENABLE_MODULES = YES;
				CLANG_ENABLE_OBJC_ARC = YES;
				CLANG_WARN_BOOL_CONVERSION = YES;
				CLANG_WARN_CONSTANT_CONVERSION = YES;
				CLANG_WARN_DIRECT_OBJC_ISA_USAGE = YES_ERROR;
				CLANG_WARN_DOCUMENTATION_COMMENTS = YES;
				CLANG_WARN_EMPTY_BODY = YES;
				CLANG_WARN_ENUM_CONVERSION = YES;
				CLANG_WARN_INFINITE_RECURSION = YES;
				CLANG_WARN_INT_CONVERSION = YES;
				CLANG_WARN_OBJC_ROOT_CLASS = YES_ERROR;
				CLANG_WARN_SUSPICIOUS_MOVES = YES;
				CLANG_WARN_UNREACHABLE_CODE = YES;
				CLANG_WARN__DUPLICATE_METHOD_MATCH = YES;
				"CODE_SIGN_IDENTITY[sdk=iphoneos*]" = "iPhone Developer";
				COPY_PHASE_STRIP = NO;
				DEBUG_INFORMATION_FORMAT = dwarf;
				ENABLE_STRICT_OBJC_MSGSEND = YES;
				ENABLE_TESTABILITY = YES;
				GCC_C_LANGUAGE_STANDARD = gnu99;
				GCC_DYNAMIC_NO_PIC = NO;
				GCC_NO_COMMON_BLOCKS = YES;
				GCC_OPTIMIZATION_LEVEL = 0;
				GCC_PREPROCESSOR_DEFINITIONS = (
					"DEBUG=1",
					"$(inherited)",
				);
				GCC_WARN_64_TO_32_BIT_CONVERSION = YES;
				GCC_WARN_ABOUT_RETURN_TYPE = YES_ERROR;
				GCC_WARN_UNDECLARED_SELECTOR = YES;
				GCC_WARN_UNINITIALIZED_AUTOS = YES_AGGRESSIVE;
				GCC_WARN_UNUSED_FUNCTION = YES;
				GCC_WARN_UNUSED_VARIABLE = YES;
				IPHONEOS_DEPLOYMENT_TARGET = 10.0;
				MTL_ENABLE_DEBUG_INFO = YES;
				ONLY_ACTIVE_ARCH = YES;
				SDKROOT = iphoneos;
				SWIFT_ACTIVE_COMPILATION_CONDITIONS = DEBUG;
				SWIFT_OPTIMIZATION_LEVEL = "-Onone";
				TARGETED_DEVICE_FAMILY = "1,2";
			};
			name = Debug;
		};
		74B19C9E1DF6A5B200F1E591 /* Release */ = {
			isa = XCBuildConfiguration;
			buildSettings = {
				ALWAYS_SEARCH_USER_PATHS = NO;
				CLANG_ANALYZER_NONNULL = YES;
				CLANG_CXX_LANGUAGE_STANDARD = "gnu++0x";
				CLANG_CXX_LIBRARY = "libc++";
				CLANG_ENABLE_MODULES = YES;
				CLANG_ENABLE_OBJC_ARC = YES;
				CLANG_WARN_BOOL_CONVERSION = YES;
				CLANG_WARN_CONSTANT_CONVERSION = YES;
				CLANG_WARN_DIRECT_OBJC_ISA_USAGE = YES_ERROR;
				CLANG_WARN_DOCUMENTATION_COMMENTS = YES;
				CLANG_WARN_EMPTY_BODY = YES;
				CLANG_WARN_ENUM_CONVERSION = YES;
				CLANG_WARN_INFINITE_RECURSION = YES;
				CLANG_WARN_INT_CONVERSION = YES;
				CLANG_WARN_OBJC_ROOT_CLASS = YES_ERROR;
				CLANG_WARN_SUSPICIOUS_MOVES = YES;
				CLANG_WARN_UNREACHABLE_CODE = YES;
				CLANG_WARN__DUPLICATE_METHOD_MATCH = YES;
				"CODE_SIGN_IDENTITY[sdk=iphoneos*]" = "iPhone Developer";
				COPY_PHASE_STRIP = NO;
				DEBUG_INFORMATION_FORMAT = "dwarf-with-dsym";
				ENABLE_NS_ASSERTIONS = NO;
				ENABLE_STRICT_OBJC_MSGSEND = YES;
				GCC_C_LANGUAGE_STANDARD = gnu99;
				GCC_NO_COMMON_BLOCKS = YES;
				GCC_WARN_64_TO_32_BIT_CONVERSION = YES;
				GCC_WARN_ABOUT_RETURN_TYPE = YES_ERROR;
				GCC_WARN_UNDECLARED_SELECTOR = YES;
				GCC_WARN_UNINITIALIZED_AUTOS = YES_AGGRESSIVE;
				GCC_WARN_UNUSED_FUNCTION = YES;
				GCC_WARN_UNUSED_VARIABLE = YES;
				IPHONEOS_DEPLOYMENT_TARGET = 10.0;
				MTL_ENABLE_DEBUG_INFO = NO;
				SDKROOT = iphoneos;
				SWIFT_OPTIMIZATION_LEVEL = "-Owholemodule";
				TARGETED_DEVICE_FAMILY = "1,2";
				VALIDATE_PRODUCT = YES;
			};
			name = Release;
		};
		74B19CA01DF6A5B200F1E591 /* Debug */ = {
			isa = XCBuildConfiguration;
			buildSettings = {
				ASSETCATALOG_COMPILER_APPICON_NAME = AppIcon;
				INFOPLIST_FILE = example_UIStackView/Info.plist;
				LD_RUNPATH_SEARCH_PATHS = "$(inherited) @executable_path/Frameworks";
				PRODUCT_BUNDLE_IDENTIFIER = "iso.example-UIStackView";
				PRODUCT_NAME = "$(TARGET_NAME)";
				SWIFT_VERSION = 3.0;
			};
			name = Debug;
		};
		74B19CA11DF6A5B200F1E591 /* Release */ = {
			isa = XCBuildConfiguration;
			buildSettings = {
				ASSETCATALOG_COMPILER_APPICON_NAME = AppIcon;
				INFOPLIST_FILE = example_UIStackView/Info.plist;
				LD_RUNPATH_SEARCH_PATHS = "$(inherited) @executable_path/Frameworks";
				PRODUCT_BUNDLE_IDENTIFIER = "iso.example-UIStackView";
				PRODUCT_NAME = "$(TARGET_NAME)";
				SWIFT_VERSION = 3.0;
			};
			name = Release;
		};
		74B19CA31DF6A5B200F1E591 /* Debug */ = {
			isa = XCBuildConfiguration;
			buildSettings = {
				ALWAYS_EMBED_SWIFT_STANDARD_LIBRARIES = YES;
				BUNDLE_LOADER = "$(TEST_HOST)";
				INFOPLIST_FILE = example_UIStackViewTests/Info.plist;
				LD_RUNPATH_SEARCH_PATHS = "$(inherited) @executable_path/Frameworks @loader_path/Frameworks";
				PRODUCT_BUNDLE_IDENTIFIER = "iso.example-UIStackViewTests";
				PRODUCT_NAME = "$(TARGET_NAME)";
				SWIFT_VERSION = 3.0;
				TEST_HOST = "$(BUILT_PRODUCTS_DIR)/example_UIStackView.app/example_UIStackView";
			};
			name = Debug;
		};
		74B19CA41DF6A5B200F1E591 /* Release */ = {
			isa = XCBuildConfiguration;
			buildSettings = {
				ALWAYS_EMBED_SWIFT_STANDARD_LIBRARIES = YES;
				BUNDLE_LOADER = "$(TEST_HOST)";
				INFOPLIST_FILE = example_UIStackViewTests/Info.plist;
				LD_RUNPATH_SEARCH_PATHS = "$(inherited) @executable_path/Frameworks @loader_path/Frameworks";
				PRODUCT_BUNDLE_IDENTIFIER = "iso.example-UIStackViewTests";
				PRODUCT_NAME = "$(TARGET_NAME)";
				SWIFT_VERSION = 3.0;
				TEST_HOST = "$(BUILT_PRODUCTS_DIR)/example_UIStackView.app/example_UIStackView";
			};
			name = Release;
		};
		74B19CA61DF6A5B200F1E591 /* Debug */ = {
			isa = XCBuildConfiguration;
			buildSettings = {
				ALWAYS_EMBED_SWIFT_STANDARD_LIBRARIES = YES;
				INFOPLIST_FILE = example_UIStackViewUITests/Info.plist;
				LD_RUNPATH_SEARCH_PATHS = "$(inherited) @executable_path/Frameworks @loader_path/Frameworks";
				PRODUCT_BUNDLE_IDENTIFIER = "iso.example-UIStackViewUITests";
				PRODUCT_NAME = "$(TARGET_NAME)";
				SWIFT_VERSION = 3.0;
				TEST_TARGET_NAME = example_UIStackView;
			};
			name = Debug;
		};
		74B19CA71DF6A5B200F1E591 /* Release */ = {
			isa = XCBuildConfiguration;
			buildSettings = {
				ALWAYS_EMBED_SWIFT_STANDARD_LIBRARIES = YES;
				INFOPLIST_FILE = example_UIStackViewUITests/Info.plist;
				LD_RUNPATH_SEARCH_PATHS = "$(inherited) @executable_path/Frameworks @loader_path/Frameworks";
				PRODUCT_BUNDLE_IDENTIFIER = "iso.example-UIStackViewUITests";
				PRODUCT_NAME = "$(TARGET_NAME)";
				SWIFT_VERSION = 3.0;
				TEST_TARGET_NAME = example_UIStackView;
			};
			name = Release;
		};
/* End XCBuildConfiguration section */

/* Begin XCConfigurationList section */
		74B19C721DF6A5B100F1E591 /* Build configuration list for PBXProject "example_UIStackView" */ = {
			isa = XCConfigurationList;
			buildConfigurations = (
				74B19C9D1DF6A5B200F1E591 /* Debug */,
				74B19C9E1DF6A5B200F1E591 /* Release */,
			);
			defaultConfigurationIsVisible = 0;
			defaultConfigurationName = Release;
		};
		74B19C9F1DF6A5B200F1E591 /* Build configuration list for PBXNativeTarget "example_UIStackView" */ = {
			isa = XCConfigurationList;
			buildConfigurations = (
				74B19CA01DF6A5B200F1E591 /* Debug */,
				74B19CA11DF6A5B200F1E591 /* Release */,
			);
			defaultConfigurationIsVisible = 0;
		};
		74B19CA21DF6A5B200F1E591 /* Build configuration list for PBXNativeTarget "example_UIStackViewTests" */ = {
			isa = XCConfigurationList;
			buildConfigurations = (
				74B19CA31DF6A5B200F1E591 /* Debug */,
				74B19CA41DF6A5B200F1E591 /* Release */,
			);
			defaultConfigurationIsVisible = 0;
		};
		74B19CA51DF6A5B200F1E591 /* Build configuration list for PBXNativeTarget "example_UIStackViewUITests" */ = {
			isa = XCConfigurationList;
			buildConfigurations = (
				74B19CA61DF6A5B200F1E591 /* Debug */,
				74B19CA71DF6A5B200F1E591 /* Release */,
			);
			defaultConfigurationIsVisible = 0;
		};
/* End XCConfigurationList section */
	};
	rootObject = 74B19C6F1DF6A5B100F1E591 /* Project object */;
}
